schema: '2.0'
stages:
  preprocess:
    cmd: python src/preprocessing.py
    deps:
    - path: data/tested.csv
      hash: md5
      md5: a9fab5d963c8459300dbd5693e295e50
      size: 29474
    - path: src/preprocessing.py
      hash: md5
      md5: bb6a74b041fd96da1e0b190fe3647a34
      size: 957
    outs:
    - path: data/processed.csv
      hash: md5
      md5: a0d0fe85a38aa8437ec3b41f1833f231
      size: 9729
  train:
    cmd: python src/train.py
    deps:
    - path: data/processed.csv
      hash: md5
      md5: a0d0fe85a38aa8437ec3b41f1833f231
      size: 9729
    - path: src/train.py
      hash: md5
      md5: c6da00a6872fe99f41943055b01bcccb
      size: 1007
    outs:
    - path: models/model.pkl
      hash: md5
      md5: e99b54d512117c29206a97306d6a5870
      size: 1231
